
Microsoft Visual Studio Solution File, Format Version 12.00
# Visual Studio 14
VisualStudioVersion = 14.0.25123.0
MinimumVisualStudioVersion = 10.0.40219.1
Project("{F2A71F9B-5D33-465A-A702-920D77279786}") = "MorningDashboard", "MorningDashboard\MorningDashboard.fsproj", "{F5055287-D24E-4F8A-8260-5991CB164032}"
EndProject
Global
	GlobalSection(SolutionConfigurationPlatforms) = preSolution
		Debug|Any CPU = Debug|Any CPU
		Release|Any CPU = Release|Any CPU
	EndGlobalSection
	GlobalSection(ProjectConfigurationPlatforms) = postSolution
		{F5055287-D24E-4F8A-8260-5991CB164032}.Debug|Any CPU.ActiveCfg = Debug|Any CPU
		{F5055287-D24E-4F8A-8260-5991CB164032}.Debug|Any CPU.Build.0 = Debug|Any CPU
		{F5055287-D24E-4F8A-8260-5991CB164032}.Release|Any CPU.ActiveCfg = Release|Any CPU
		{F5055287-D24E-4F8A-8260-5991CB164032}.Release|Any CPU.Build.0 = Release|Any CPU
	EndGlobalSection
	GlobalSection(SolutionProperties) = preSolution
		HideSolutionNode = FALSE
	EndGlobalSection
EndGlobal
